<?xml version="1.0" encoding="utf-8"?>
<Project ToolsVersion="4.0" xmlns="http://schemas.microsoft.com/developer/msbuild/2003">
  <ItemGroup>
    <Filter Include="Source Files">
      <UniqueIdentifier>{4FC737F1-C7A5-4376-A066-2A32D752A2FF}</UniqueIdentifier>
      <Extensions>cpp;c;cc;cxx;def;odl;idl;hpj;bat;asm;asmx</Extensions>
    </Filter>
    <Filter Include="Header Files">
      <UniqueIdentifier>{93995380-89BD-4b04-88EB-625FBE52EBFB}</UniqueIdentifier>
      <Extensions>h;hh;hpp;hxx;hm;inl;inc;ipp;xsd</Extensions>
    </Filter>
    <Filter Include="Resource Files">
      <UniqueIdentifier>{67DA6AB6-F800-4c08-8B7A-83BB121AAD01}</UniqueIdentifier>
      <Extensions>rc;ico;cur;bmp;dlg;rc2;rct;bin;rgs;gif;jpg;jpeg;jpe;resx;tiff;tif;png;wav;mfcribbon-ms</Extensions>
    </Filter>
  </ItemGroup>
  <ItemGroup>
    <ClCompile Include="AsyncPrimitives\AsyncSemaphore.cpp">
      <Filter>Source Files</Filter>
    </ClCompile>
    <ClCompile Include="AsyncPrimitives\CancellationTokenSource.cpp">
      <Filter>Source Files</Filter>
    </ClCompile>
    <ClCompile Include="AsyncPrimitives\CancellationToken.cpp">
      <Filter>Source Files</Filter>
    </ClCompile>
    <ClCompile Include="AsyncPrimitives\CancellationRegistration.cpp">
      <Filter>Source Files</Filter>
    </ClCompile>
    <ClCompile Include="Schedulers\Scheduler.cpp">
      <Filter>Source Files</Filter>
    </ClCompile>
    <ClCompile Include="Schedulers\SimpleThreadPool.cpp">
      <Filter>Source Files</Filter>
    </ClCompile>
    <ClCompile Include="Schedulers\StrandSchedulerDecorator.cpp">
      <Filter>Source Files</Filter>
    </ClCompile>
    <ClCompile Include="Schedulers\ThreadPoolScheduler.cpp">
      <Filter>Source Files</Filter>
    </ClCompile>
    <ClCompile Include="Utils\Disposable.cpp">
      <Filter>Source Files</Filter>
    </ClCompile>
    <ClCompile Include="Schedulers\CurrentThreadScheduler.cpp">
      <Filter>Source Files</Filter>
    </ClCompile>
    <ClCompile Include="Detail\AsyncPrimitives\CtsSharedState.cpp">
      <Filter>Source Files</Filter>
    </ClCompile>
    <ClCompile Include="Tasks\TaskCombinators.cpp">
      <Filter>Source Files</Filter>
    </ClCompile>
    <ClCompile Include="AsyncPrimitives\AsyncMutex.cpp">
      <Filter>Source Files</Filter>
    </ClCompile>
    <ClCompile Include="Threading\SynchronizationContext.cpp">
      <Filter>Source Files</Filter>
    </ClCompile>
    <ClCompile Include="Threading\SynchronizationContextScope.cpp">
      <Filter>Source Files</Filter>
    </ClCompile>
    <ClCompile Include="Actors\IActor.cpp">
      <Filter>Source Files</Filter>
    </ClCompile>
  </ItemGroup>
  <ItemGroup>
    <ClInclude Include="AsyncPrimitives\AsyncSemaphore.h">
      <Filter>Header Files</Filter>
    </ClInclude>
    <ClInclude Include="AsyncPrimitives\FutureEx.h">
      <Filter>Header Files</Filter>
    </ClInclude>
    <ClInclude Include="AsyncPrimitives\SemaphoreFullException.h">
      <Filter>Header Files</Filter>
    </ClInclude>
    <ClInclude Include="AsyncPrimitives\OperationCanceledException.h">
      <Filter>Header Files</Filter>
    </ClInclude>
    <ClInclude Include="AsyncPrimitives\CancellationTokenSource.h">
      <Filter>Header Files</Filter>
    </ClInclude>
    <ClInclude Include="AsyncPrimitives\CancellationToken.h">
      <Filter>Header Files</Filter>
    </ClInclude>
    <ClInclude Include="AsyncPrimitives\CancellationRegistration.h">
      <Filter>Header Files</Filter>
    </ClInclude>
    <ClInclude Include="Collections\ThreadSafeMinimalisticVector.h">
      <Filter>Header Files</Filter>
    </ClInclude>
    <ClInclude Include="AsyncPrimitives\IAsyncProducerConsumerCollection.h">
      <Filter>Header Files</Filter>
    </ClInclude>
    <ClInclude Include="AsyncPrimitives\SimpleAsyncProducerConsumerCollection.h">
      <Filter>Header Files</Filter>
    </ClInclude>
    <ClInclude Include="Collections\ThreadSafeMinimalisticQueue.h">
      <Filter>Header Files</Filter>
    </ClInclude>
    <ClInclude Include="Schedulers\Scheduler.h">
      <Filter>Header Files</Filter>
    </ClInclude>
    <ClInclude Include="Schedulers\SimpleThreadPool.h">
      <Filter>Header Files</Filter>
    </ClInclude>
    <ClInclude Include="Schedulers\StrandSchedulerDecorator.h">
      <Filter>Header Files</Filter>
    </ClInclude>
    <ClInclude Include="Schedulers\ThreadPoolScheduler.h">
      <Filter>Header Files</Filter>
    </ClInclude>
    <ClInclude Include="DataFlow\IInputBlock.h">
      <Filter>Header Files</Filter>
    </ClInclude>
    <ClInclude Include="DataFlow\IDataFlowBlock.h">
      <Filter>Header Files</Filter>
    </ClInclude>
    <ClInclude Include="DataFlow\IInputOutputBlock.h">
      <Filter>Header Files</Filter>
    </ClInclude>
    <ClInclude Include="Utils\FinallyBlock.h">
      <Filter>Header Files</Filter>
    </ClInclude>
    <ClInclude Include="Utils\Disposable.h">
      <Filter>Header Files</Filter>
    </ClInclude>
    <ClInclude Include="DataFlow\TransformBlock.h">
      <Filter>Header Files</Filter>
    </ClInclude>
    <ClInclude Include="DataFlow\ActionBlock.h">
      <Filter>Header Files</Filter>
    </ClInclude>
    <ClInclude Include="DataFlow\DataflowAsyncFactory.h">
      <Filter>Header Files</Filter>
    </ClInclude>
    <ClInclude Include="DataFlow\DataFlowSyncFactory.h">
      <Filter>Header Files</Filter>
    </ClInclude>
    <ClInclude Include="Schedulers\CurrentThreadScheduler.h">
      <Filter>Header Files</Filter>
    </ClInclude>
    <ClInclude Include="Tasks\Task.h">
      <Filter>Header Files</Filter>
    </ClInclude>
    <ClInclude Include="Tasks\TaskState.h">
      <Filter>Header Files</Filter>
    </ClInclude>
    <ClInclude Include="Tasks\TaskFactory.h">
      <Filter>Header Files</Filter>
    </ClInclude>
    <ClInclude Include="Functional\F.h">
      <Filter>Header Files</Filter>
    </ClInclude>
    <ClInclude Include="Tasks\TaskCompletionSource.h">
      <Filter>Header Files</Filter>
    </ClInclude>
    <ClInclude Include="AsyncPrimitives\AggregateException.h">
      <Filter>Header Files</Filter>
    </ClInclude>
    <ClInclude Include="Tasks\TaskCombinators.h">
      <Filter>Header Files</Filter>
    </ClInclude>
    <ClInclude Include="Detail\AsyncPrimitives\CtsSharedState.h">
      <Filter>Header Files</Filter>
    </ClInclude>
    <ClInclude Include="Detail\DataFlow\DataFlowBlockCommon.h">
      <Filter>Header Files</Filter>
    </ClInclude>
    <ClInclude Include="Detail\Tasks\TaskHelpers.h">
      <Filter>Header Files</Filter>
    </ClInclude>
    <ClInclude Include="Detail\Tasks\TaskTag.h">
      <Filter>Header Files</Filter>
    </ClInclude>
    <ClInclude Include="Detail\Tasks\IdGenerator.h">
      <Filter>Header Files</Filter>
    </ClInclude>
    <ClInclude Include="AsyncPrimitives\AsyncMutex.h">
      <Filter>Header Files</Filter>
    </ClInclude>
    <ClInclude Include="Threading\SynchronizationContext.h">
      <Filter>Header Files</Filter>
    </ClInclude>
    <ClInclude Include="Threading\SynchronizationContextScope.h">
      <Filter>Header Files</Filter>
    </ClInclude>
    <ClInclude Include="Actors\SimpleActor.h">
      <Filter>Header Files</Filter>
    </ClInclude>
    <ClInclude Include="Actors\ActorPolicy.h">
      <Filter>Header Files</Filter>
    </ClInclude>
    <ClInclude Include="Actors\IActor.h">
      <Filter>Header Files</Filter>
    </ClInclude>
    <ClInclude Include="Actors\IReplyActor.h">
      <Filter>Header Files</Filter>
    </ClInclude>
    <ClInclude Include="Actors\ReplyActor.h">
      <Filter>Header Files</Filter>
    </ClInclude>
    <ClInclude Include="ClangWinSpecific\Coroutine.h">
      <Filter>Header Files</Filter>
    </ClInclude>
  </ItemGroup>
</Project>